
Microsoft Visual Studio Solution File, Format Version 12.00
# Visual Studio 14
VisualStudioVersion = 14.0.24720.0
MinimumVisualStudioVersion = 10.0.40219.1
Project("{FAE04EC0-301F-11D3-BF4B-00C04F79EFBC}") = "OOP Intro Exercise", "Code-First + OOP Intro Exercise\OOP Intro Exercise.csproj", "{BEFD6D4B-F66F-40BD-94FC-1A4C45245B22}"
EndProject
Project("{FAE04EC0-301F-11D3-BF4B-00C04F79EFBC}") = "07.Gringotts Database", "Code First\07.Gringotts Database.csproj", "{01BA06BD-0001-4F6F-BDE1-CAD17B603A0B}"
EndProject
Project("{FAE04EC0-301F-11D3-BF4B-00C04F79EFBC}") = "08.Create User", "08.Create User\08.Create User.csproj", "{3865FC22-091C-469C-A98C-3BED3CDD8D0A}"
EndProject
Project("{FAE04EC0-301F-11D3-BF4B-00C04F79EFBC}") = "09.Hospital Datbase", "09.Hospital Datbase\09.Hospital Datbase.csproj", "{C2128133-86B6-4970-A2BC-7153B80F0CE8}"
EndProject
Project("{FAE04EC0-301F-11D3-BF4B-00C04F79EFBC}") = "11.Get Users by Email Provider", "11.Get Users by Email Provider\11.Get Users by Email Provider.csproj", "{DFC9E7F1-E0DE-4A6E-B2D7-0CDF9DCF19FE}"
EndProject
Project("{FAE04EC0-301F-11D3-BF4B-00C04F79EFBC}") = "12.Remove Inactive Users", "12.Remove Inactive Users\12.Remove Inactive Users.csproj", "{853CB05C-E9DB-4E32-9DE3-6E288EB2CCC0}"
EndProject
Global
	GlobalSection(SolutionConfigurationPlatforms) = preSolution
		Debug|Any CPU = Debug|Any CPU
		Release|Any CPU = Release|Any CPU
	EndGlobalSection
	GlobalSection(ProjectConfigurationPlatforms) = postSolution
		{BEFD6D4B-F66F-40BD-94FC-1A4C45245B22}.Debug|Any CPU.ActiveCfg = Debug|Any CPU
		{BEFD6D4B-F66F-40BD-94FC-1A4C45245B22}.Debug|Any CPU.Build.0 = Debug|Any CPU
		{BEFD6D4B-F66F-40BD-94FC-1A4C45245B22}.Release|Any CPU.ActiveCfg = Release|Any CPU
		{BEFD6D4B-F66F-40BD-94FC-1A4C45245B22}.Release|Any CPU.Build.0 = Release|Any CPU
		{01BA06BD-0001-4F6F-BDE1-CAD17B603A0B}.Debug|Any CPU.ActiveCfg = Debug|Any CPU
		{01BA06BD-0001-4F6F-BDE1-CAD17B603A0B}.Debug|Any CPU.Build.0 = Debug|Any CPU
		{01BA06BD-0001-4F6F-BDE1-CAD17B603A0B}.Release|Any CPU.ActiveCfg = Release|Any CPU
		{01BA06BD-0001-4F6F-BDE1-CAD17B603A0B}.Release|Any CPU.Build.0 = Release|Any CPU
		{3865FC22-091C-469C-A98C-3BED3CDD8D0A}.Debug|Any CPU.ActiveCfg = Debug|Any CPU
		{3865FC22-091C-469C-A98C-3BED3CDD8D0A}.Debug|Any CPU.Build.0 = Debug|Any CPU
		{3865FC22-091C-469C-A98C-3BED3CDD8D0A}.Release|Any CPU.ActiveCfg = Release|Any CPU
		{3865FC22-091C-469C-A98C-3BED3CDD8D0A}.Release|Any CPU.Build.0 = Release|Any CPU
		{C2128133-86B6-4970-A2BC-7153B80F0CE8}.Debug|Any CPU.ActiveCfg = Debug|Any CPU
		{C2128133-86B6-4970-A2BC-7153B80F0CE8}.Debug|Any CPU.Build.0 = Debug|Any CPU
		{C2128133-86B6-4970-A2BC-7153B80F0CE8}.Release|Any CPU.ActiveCfg = Release|Any CPU
		{C2128133-86B6-4970-A2BC-7153B80F0CE8}.Release|Any CPU.Build.0 = Release|Any CPU
		{DFC9E7F1-E0DE-4A6E-B2D7-0CDF9DCF19FE}.Debug|Any CPU.ActiveCfg = Debug|Any CPU
		{DFC9E7F1-E0DE-4A6E-B2D7-0CDF9DCF19FE}.Debug|Any CPU.Build.0 = Debug|Any CPU
		{DFC9E7F1-E0DE-4A6E-B2D7-0CDF9DCF19FE}.Release|Any CPU.ActiveCfg = Release|Any CPU
		{DFC9E7F1-E0DE-4A6E-B2D7-0CDF9DCF19FE}.Release|Any CPU.Build.0 = Release|Any CPU
		{853CB05C-E9DB-4E32-9DE3-6E288EB2CCC0}.Debug|Any CPU.ActiveCfg = Debug|Any CPU
		{853CB05C-E9DB-4E32-9DE3-6E288EB2CCC0}.Debug|Any CPU.Build.0 = Debug|Any CPU
		{853CB05C-E9DB-4E32-9DE3-6E288EB2CCC0}.Release|Any CPU.ActiveCfg = Release|Any CPU
		{853CB05C-E9DB-4E32-9DE3-6E288EB2CCC0}.Release|Any CPU.Build.0 = Release|Any CPU
	EndGlobalSection
	GlobalSection(SolutionProperties) = preSolution
		HideSolutionNode = FALSE
	EndGlobalSection
EndGlobal
